
Microsoft Visual Studio Solution File, Format Version 12.00
# Visual Studio Version 17
VisualStudioVersion = 17.4.33205.214
MinimumVisualStudioVersion = 10.0.40219.1
Project("{FAE04EC0-301F-11D3-BF4B-00C04F79EFBC}") = "Amnesty", "Amnesty\Amnesty.csproj", "{3A75CD1E-DDD5-48A5-ACC0-BE441D717634}"
EndProject
Global
	GlobalSection(SolutionConfigurationPlatforms) = preSolution
		Debug|Any CPU = Debug|Any CPU
		Release|Any CPU = Release|Any CPU
	EndGlobalSection
	GlobalSection(ProjectConfigurationPlatforms) = postSolution
		{3A75CD1E-DDD5-48A5-ACC0-BE441D717634}.Debug|Any CPU.ActiveCfg = Debug|Any CPU
		{3A75CD1E-DDD5-48A5-ACC0-BE441D717634}.Debug|Any CPU.Build.0 = Debug|Any CPU
		{3A75CD1E-DDD5-48A5-ACC0-BE441D717634}.Release|Any CPU.ActiveCfg = Release|Any CPU
		{3A75CD1E-DDD5-48A5-ACC0-BE441D717634}.Release|Any CPU.Build.0 = Release|Any CPU
	EndGlobalSection
	GlobalSection(SolutionProperties) = preSolution
		HideSolutionNode = FALSE
	EndGlobalSection
	GlobalSection(ExtensibilityGlobals) = postSolution
		SolutionGuid = {F307C4C1-DF09-487C-AF1B-6AA5341A3D49}
	EndGlobalSection
EndGlobal
